
Microsoft Visual Studio Solution File, Format Version 12.00
# Visual Studio Version 17
VisualStudioVersion = 17.2.32602.215
MinimumVisualStudioVersion = 10.0.40219.1
Project("{FAE04EC0-301F-11D3-BF4B-00C04F79EFBC}") = "ASP", "ASP\ASP.csproj", "{BD33D9DF-6340-4C03-8FFE-AADCD7EE19DA}"
EndProject
Project("{2150E333-8FDC-42A3-9474-1A3956D46DE8}") = "DevExtreme NuGet.config", "DevExtreme NuGet.config", "{187E9D4D-FF2C-4D03-867D-DC563154DFB1}"
	ProjectSection(SolutionItems) = preProject
		NuGet.config = NuGet.config
	EndProjectSection
EndProject
Global
	GlobalSection(SolutionConfigurationPlatforms) = preSolution
		Debug|Any CPU = Debug|Any CPU
		Release|Any CPU = Release|Any CPU
	EndGlobalSection
	GlobalSection(ProjectConfigurationPlatforms) = postSolution
		{BD33D9DF-6340-4C03-8FFE-AADCD7EE19DA}.Debug|Any CPU.ActiveCfg = Debug|Any CPU
		{BD33D9DF-6340-4C03-8FFE-AADCD7EE19DA}.Debug|Any CPU.Build.0 = Debug|Any CPU
		{BD33D9DF-6340-4C03-8FFE-AADCD7EE19DA}.Release|Any CPU.ActiveCfg = Release|Any CPU
		{BD33D9DF-6340-4C03-8FFE-AADCD7EE19DA}.Release|Any CPU.Build.0 = Release|Any CPU
	EndGlobalSection
	GlobalSection(SolutionProperties) = preSolution
		HideSolutionNode = FALSE
	EndGlobalSection
	GlobalSection(ExtensibilityGlobals) = postSolution
		SolutionGuid = {EB0FAA2F-3A16-4734-A0D5-F5B7122143FC}
	EndGlobalSection
EndGlobal
